
Microsoft Visual Studio Solution File, Format Version 12.00
# Visual Studio Version 16
VisualStudioVersion = 16.0.31829.152
MinimumVisualStudioVersion = 10.0.40219.1
Project("{FAE04EC0-301F-11D3-BF4B-00C04F79EFBC}") = "ValueCalcWebApp", "ValueCalcWebApp.csproj", "{DED62C10-898E-4B7C-A51D-CA02EA826288}"
EndProject
Project("{00D1A9C2-B5F0-4AF3-8072-F6C62B433612}") = "ValueCalcDatabase", "..\ValueCalcDatabase\ValueCalcDatabase.sqlproj", "{3678FA7C-20AC-4DC8-9AEA-08D2F69D38E4}"
EndProject
Global
	GlobalSection(SolutionConfigurationPlatforms) = preSolution
		Debug|Any CPU = Debug|Any CPU
		Release|Any CPU = Release|Any CPU
	EndGlobalSection
	GlobalSection(ProjectConfigurationPlatforms) = postSolution
		{DED62C10-898E-4B7C-A51D-CA02EA826288}.Debug|Any CPU.ActiveCfg = Debug|Any CPU
		{DED62C10-898E-4B7C-A51D-CA02EA826288}.Debug|Any CPU.Build.0 = Debug|Any CPU
		{DED62C10-898E-4B7C-A51D-CA02EA826288}.Release|Any CPU.ActiveCfg = Release|Any CPU
		{DED62C10-898E-4B7C-A51D-CA02EA826288}.Release|Any CPU.Build.0 = Release|Any CPU
		{3678FA7C-20AC-4DC8-9AEA-08D2F69D38E4}.Debug|Any CPU.ActiveCfg = Debug|Any CPU
		{3678FA7C-20AC-4DC8-9AEA-08D2F69D38E4}.Debug|Any CPU.Build.0 = Debug|Any CPU
		{3678FA7C-20AC-4DC8-9AEA-08D2F69D38E4}.Debug|Any CPU.Deploy.0 = Debug|Any CPU
		{3678FA7C-20AC-4DC8-9AEA-08D2F69D38E4}.Release|Any CPU.ActiveCfg = Release|Any CPU
		{3678FA7C-20AC-4DC8-9AEA-08D2F69D38E4}.Release|Any CPU.Build.0 = Release|Any CPU
		{3678FA7C-20AC-4DC8-9AEA-08D2F69D38E4}.Release|Any CPU.Deploy.0 = Release|Any CPU
	EndGlobalSection
	GlobalSection(SolutionProperties) = preSolution
		HideSolutionNode = FALSE
	EndGlobalSection
	GlobalSection(ExtensibilityGlobals) = postSolution
		SolutionGuid = {02A5A0E9-510E-40B6-8650-1A9B8D0636A6}
	EndGlobalSection
EndGlobal
